// !$*UTF8*$!
{
	archiveVersion = 1;
	classes = {
	};
	objectVersion = 46;
	objects = {

/* Begin PBXBuildFile section */
		0A2D92125C20935D13DCA00C /* Pods_Donly_deUITests.framework in Frameworks */ = {isa = PBXBuildFile; fileRef = 8C3B630B7F4F453F68D27147 /* Pods_Donly_deUITests.framework */; };
		5616B79BDCC2151ED54F8E03 /* Pods_Donly_deTests.framework in Frameworks */ = {isa = PBXBuildFile; fileRef = 688493A6803C95A4E2504C35 /* Pods_Donly_deTests.framework */; };
		B37C485B6E76722ECFA303E5 /* Pods_Donly_de.framework in Frameworks */ = {isa = PBXBuildFile; fileRef = 6A90C87EAC5D9362CCDFAF6C /* Pods_Donly_de.framework */; };
		F42157381EC734A5006441B3 /* OnboardingInfoVC.swift in Sources */ = {isa = PBXBuildFile; fileRef = F42157361EC734A5006441B3 /* OnboardingInfoVC.swift */; };
		F42157391EC734A5006441B3 /* OnboardingInfoVC.xib in Resources */ = {isa = PBXBuildFile; fileRef = F42157371EC734A5006441B3 /* OnboardingInfoVC.xib */; };
		F421573B1EC73B56006441B3 /* OnboardingInfoViewModel.swift in Sources */ = {isa = PBXBuildFile; fileRef = F421573A1EC73B56006441B3 /* OnboardingInfoViewModel.swift */; };
		F421573E1EC74048006441B3 /* OnboardingInfoElementView.swift in Sources */ = {isa = PBXBuildFile; fileRef = F421573D1EC74048006441B3 /* OnboardingInfoElementView.swift */; };
		F42157401EC741CF006441B3 /* OnboardingButton.swift in Sources */ = {isa = PBXBuildFile; fileRef = F421573F1EC741CF006441B3 /* OnboardingButton.swift */; };
		F42157451EC7490D006441B3 /* OnboardingPermissionsVC.swift in Sources */ = {isa = PBXBuildFile; fileRef = F42157431EC7490D006441B3 /* OnboardingPermissionsVC.swift */; };
		F42157461EC7490D006441B3 /* OnboardingPermissionsVC.xib in Resources */ = {isa = PBXBuildFile; fileRef = F42157441EC7490D006441B3 /* OnboardingPermissionsVC.xib */; };
		F42157481EC74920006441B3 /* OnboardingPermissionsViewModel.swift in Sources */ = {isa = PBXBuildFile; fileRef = F42157471EC74920006441B3 /* OnboardingPermissionsViewModel.swift */; };
		F422683D1EC8681200075CBE /* OnboardingLoginVC.swift in Sources */ = {isa = PBXBuildFile; fileRef = F422683B1EC8681200075CBE /* OnboardingLoginVC.swift */; };
		F422683E1EC8681200075CBE /* OnboardingLoginVC.xib in Resources */ = {isa = PBXBuildFile; fileRef = F422683C1EC8681200075CBE /* OnboardingLoginVC.xib */; };
		F42268401EC8685100075CBE /* OnboardingLoginViewModel.swift in Sources */ = {isa = PBXBuildFile; fileRef = F422683F1EC8685100075CBE /* OnboardingLoginViewModel.swift */; };
		F42268431EC879A800075CBE /* UIViewController+Extensions.swift in Sources */ = {isa = PBXBuildFile; fileRef = F42268421EC879A800075CBE /* UIViewController+Extensions.swift */; };
		F42268451EC89A4000075CBE /* AlertManager.swift in Sources */ = {isa = PBXBuildFile; fileRef = F42268441EC89A4000075CBE /* AlertManager.swift */; };
		F42268471EC8A87400075CBE /* Constants.swift in Sources */ = {isa = PBXBuildFile; fileRef = F42268461EC8A87400075CBE /* Constants.swift */; };
		F428B32A1E8FCFBF00CF64F6 /* ApplicationSettings.swift in Sources */ = {isa = PBXBuildFile; fileRef = F428B3291E8FCFBF00CF64F6 /* ApplicationSettings.swift */; };
		F428B32C1E8FCFCB00CF64F6 /* ApplicationData.swift in Sources */ = {isa = PBXBuildFile; fileRef = F428B32B1E8FCFCB00CF64F6 /* ApplicationData.swift */; };
		F428B3311E8FD53D00CF64F6 /* SplashVC.xib in Resources */ = {isa = PBXBuildFile; fileRef = F428B3301E8FD53D00CF64F6 /* SplashVC.xib */; };
		F428B3331E8FD58400CF64F6 /* SplashVC.swift in Sources */ = {isa = PBXBuildFile; fileRef = F428B3321E8FD58400CF64F6 /* SplashVC.swift */; };
		F428B3351E8FD82D00CF64F6 /* SplashViewModel.swift in Sources */ = {isa = PBXBuildFile; fileRef = F428B3341E8FD82D00CF64F6 /* SplashViewModel.swift */; };
		F428B3371E8FE04900CF64F6 /* MainVCt.swift in Sources */ = {isa = PBXBuildFile; fileRef = F428B3361E8FE04900CF64F6 /* MainVCt.swift */; };
		F428B33B1E943AF900CF64F6 /* LocationManager.swift in Sources */ = {isa = PBXBuildFile; fileRef = F428B33A1E943AF900CF64F6 /* LocationManager.swift */; };
		F428B33D1E943E9100CF64F6 /* NotificationsManager.swift in Sources */ = {isa = PBXBuildFile; fileRef = F428B33C1E943E9100CF64F6 /* NotificationsManager.swift */; };
		F43ECF5B1EE739C800F633E0 /* PhoneNumber.swift in Sources */ = {isa = PBXBuildFile; fileRef = F43ECF5A1EE739C800F633E0 /* PhoneNumber.swift */; };
		F448D30E1EE0A518006A7416 /* SplashScene.swift in Sources */ = {isa = PBXBuildFile; fileRef = F448D30D1EE0A518006A7416 /* SplashScene.swift */; };
		F448D3101EE0A61C006A7416 /* OnboardingInfoScene.swift in Sources */ = {isa = PBXBuildFile; fileRef = F448D30F1EE0A61C006A7416 /* OnboardingInfoScene.swift */; };
		F448D3121EE0A6E3006A7416 /* OnboardingPermissionsScene.swift in Sources */ = {isa = PBXBuildFile; fileRef = F448D3111EE0A6E3006A7416 /* OnboardingPermissionsScene.swift */; };
		F448D3141EE0A846006A7416 /* OnboardingLoginScene.swift in Sources */ = {isa = PBXBuildFile; fileRef = F448D3131EE0A846006A7416 /* OnboardingLoginScene.swift */; };
		F448D3181EE0AEF7006A7416 /* MainVC.swift in Sources */ = {isa = PBXBuildFile; fileRef = F448D3161EE0AEF7006A7416 /* MainVC.swift */; };
		F448D31B1EE0AFFD006A7416 /* MainScene.swift in Sources */ = {isa = PBXBuildFile; fileRef = F448D31A1EE0AFFD006A7416 /* MainScene.swift */; };
		F448D31D1EE0B022006A7416 /* MainViewModel.swift in Sources */ = {isa = PBXBuildFile; fileRef = F448D31C1EE0B022006A7416 /* MainViewModel.swift */; };
		F448D31F1EE2EC97006A7416 /* MainVC.storyboard in Resources */ = {isa = PBXBuildFile; fileRef = F448D31E1EE2EC97006A7416 /* MainVC.storyboard */; };
		F448D3231EE3085B006A7416 /* TabBarButton.swift in Sources */ = {isa = PBXBuildFile; fileRef = F448D3221EE3085A006A7416 /* TabBarButton.swift */; };
		F448D3271EE6C4C4006A7416 /* MainMessagesVC.swift in Sources */ = {isa = PBXBuildFile; fileRef = F448D3251EE6C4C4006A7416 /* MainMessagesVC.swift */; };
		F448D3281EE6C4C4006A7416 /* MainMessagesVC.xib in Resources */ = {isa = PBXBuildFile; fileRef = F448D3261EE6C4C4006A7416 /* MainMessagesVC.xib */; };
		F448D32A1EE6C4D8006A7416 /* MainMessagesEmpty.xib in Resources */ = {isa = PBXBuildFile; fileRef = F448D3291EE6C4D8006A7416 /* MainMessagesEmpty.xib */; };
		F448D32C1EE6C750006A7416 /* MainMessagesViewModel.swift in Sources */ = {isa = PBXBuildFile; fileRef = F448D32B1EE6C750006A7416 /* MainMessagesViewModel.swift */; };
		F448D32E1EE6C761006A7416 /* MainMessagesScene.swift in Sources */ = {isa = PBXBuildFile; fileRef = F448D32D1EE6C761006A7416 /* MainMessagesScene.swift */; };
		F448D3301EE6C81C006A7416 /* Message.swift in Sources */ = {isa = PBXBuildFile; fileRef = F448D32F1EE6C81C006A7416 /* Message.swift */; };
		F449648A1E993F0D0000330A /* JobsTableViewModel.swift in Sources */ = {isa = PBXBuildFile; fileRef = F44964891E993F0D0000330A /* JobsTableViewModel.swift */; };
		F46C464F1E8D90E8001FF145 /* AppDelegate.swift in Sources */ = {isa = PBXBuildFile; fileRef = F46C464E1E8D90E8001FF145 /* AppDelegate.swift */; };
		F46C46561E8D90E8001FF145 /* Assets.xcassets in Resources */ = {isa = PBXBuildFile; fileRef = F46C46551E8D90E8001FF145 /* Assets.xcassets */; };
		F46C46641E8D90E8001FF145 /* Donly_deTests.swift in Sources */ = {isa = PBXBuildFile; fileRef = F46C46631E8D90E8001FF145 /* Donly_deTests.swift */; };
		F46C466F1E8D90E8001FF145 /* Donly_deUITests.swift in Sources */ = {isa = PBXBuildFile; fileRef = F46C466E1E8D90E8001FF145 /* Donly_deUITests.swift */; };
		F46C468E1E8DBB17001FF145 /* LaunchScreen.xib in Resources */ = {isa = PBXBuildFile; fileRef = F46C468D1E8DBB17001FF145 /* LaunchScreen.xib */; };
		F46C46911E8DBEA0001FF145 /* MainStoryboard.storyboard in Resources */ = {isa = PBXBuildFile; fileRef = F46C46901E8DBEA0001FF145 /* MainStoryboard.storyboard */; };
		F4F118A31E991701006D5A50 /* APIRequest.swift in Sources */ = {isa = PBXBuildFile; fileRef = F4F118A21E991701006D5A50 /* APIRequest.swift */; };
		F4F118A51E991983006D5A50 /* APIClient.swift in Sources */ = {isa = PBXBuildFile; fileRef = F4F118A41E991983006D5A50 /* APIClient.swift */; };
		F4F118A71E9919CA006D5A50 /* JSONSerializable.swift in Sources */ = {isa = PBXBuildFile; fileRef = F4F118A61E9919CA006D5A50 /* JSONSerializable.swift */; };
		F4F118AA1E99289B006D5A50 /* UserAPIRequest.swift in Sources */ = {isa = PBXBuildFile; fileRef = F4F118A91E99289B006D5A50 /* UserAPIRequest.swift */; };
		F4F118AD1E992BD3006D5A50 /* User.swift in Sources */ = {isa = PBXBuildFile; fileRef = F4F118AC1E992BD3006D5A50 /* User.swift */; };
		F4F118AF1E99355E006D5A50 /* MainViewModelt.swift in Sources */ = {isa = PBXBuildFile; fileRef = F4F118AE1E99355E006D5A50 /* MainViewModelt.swift */; };
		F4F118B31E9937C9006D5A50 /* JobsTableVC.swift in Sources */ = {isa = PBXBuildFile; fileRef = F4F118B11E9937C9006D5A50 /* JobsTableVC.swift */; };
		F4F118B41E9937C9006D5A50 /* JobsTableVC.xib in Resources */ = {isa = PBXBuildFile; fileRef = F4F118B21E9937C9006D5A50 /* JobsTableVC.xib */; };
		F4F118B71E993854006D5A50 /* JobCell.swift in Sources */ = {isa = PBXBuildFile; fileRef = F4F118B51E993854006D5A50 /* JobCell.swift */; };
		F4F118B81E993854006D5A50 /* JobCell.xib in Resources */ = {isa = PBXBuildFile; fileRef = F4F118B61E993854006D5A50 /* JobCell.xib */; };
/* End PBXBuildFile section */

/* Begin PBXContainerItemProxy section */
		F46C46601E8D90E8001FF145 /* PBXContainerItemProxy */ = {
			isa = PBXContainerItemProxy;
			containerPortal = F46C46431E8D90E8001FF145 /* Project object */;
			proxyType = 1;
			remoteGlobalIDString = F46C464A1E8D90E8001FF145;
			remoteInfo = Donly.de;
		};
		F46C466B1E8D90E8001FF145 /* PBXContainerItemProxy */ = {
			isa = PBXContainerItemProxy;
			containerPortal = F46C46431E8D90E8001FF145 /* Project object */;
			proxyType = 1;
			remoteGlobalIDString = F46C464A1E8D90E8001FF145;
			remoteInfo = Donly.de;
		};
/* End PBXContainerItemProxy section */

/* Begin PBXFileReference section */
		06031B57FB35A7700F8FD8F6 /* Pods-Donly.de.staging.xcconfig */ = {isa = PBXFileReference; includeInIndex = 1; lastKnownFileType = text.xcconfig; name = "Pods-Donly.de.staging.xcconfig"; path = "Pods/Target Support Files/Pods-Donly.de/Pods-Donly.de.staging.xcconfig"; sourceTree = "<group>"; };
		10954E214063C1466DC7DB1E /* Pods-Donly.deTests.debug.xcconfig */ = {isa = PBXFileReference; includeInIndex = 1; lastKnownFileType = text.xcconfig; name = "Pods-Donly.deTests.debug.xcconfig"; path = "Pods/Target Support Files/Pods-Donly.deTests/Pods-Donly.deTests.debug.xcconfig"; sourceTree = "<group>"; };
		51DBC975BBA7DA5D50196906 /* Pods-Donly.de.debug.xcconfig */ = {isa = PBXFileReference; includeInIndex = 1; lastKnownFileType = text.xcconfig; name = "Pods-Donly.de.debug.xcconfig"; path = "Pods/Target Support Files/Pods-Donly.de/Pods-Donly.de.debug.xcconfig"; sourceTree = "<group>"; };
		59CBEEE1F6504CEED02283CE /* Pods-Donly.deUITests.debug.xcconfig */ = {isa = PBXFileReference; includeInIndex = 1; lastKnownFileType = text.xcconfig; name = "Pods-Donly.deUITests.debug.xcconfig"; path = "Pods/Target Support Files/Pods-Donly.deUITests/Pods-Donly.deUITests.debug.xcconfig"; sourceTree = "<group>"; };
		6138A163037F96D23375BAB4 /* Pods-Donly.de.release.xcconfig */ = {isa = PBXFileReference; includeInIndex = 1; lastKnownFileType = text.xcconfig; name = "Pods-Donly.de.release.xcconfig"; path = "Pods/Target Support Files/Pods-Donly.de/Pods-Donly.de.release.xcconfig"; sourceTree = "<group>"; };
		688493A6803C95A4E2504C35 /* Pods_Donly_deTests.framework */ = {isa = PBXFileReference; explicitFileType = wrapper.framework; includeInIndex = 0; path = Pods_Donly_deTests.framework; sourceTree = BUILT_PRODUCTS_DIR; };
		6A90C87EAC5D9362CCDFAF6C /* Pods_Donly_de.framework */ = {isa = PBXFileReference; explicitFileType = wrapper.framework; includeInIndex = 0; path = Pods_Donly_de.framework; sourceTree = BUILT_PRODUCTS_DIR; };
		7087F503A7CE3C66354CECC2 /* Pods-Donly.deUITests.staging.xcconfig */ = {isa = PBXFileReference; includeInIndex = 1; lastKnownFileType = text.xcconfig; name = "Pods-Donly.deUITests.staging.xcconfig"; path = "Pods/Target Support Files/Pods-Donly.deUITests/Pods-Donly.deUITests.staging.xcconfig"; sourceTree = "<group>"; };
		76D0C15A763060B83E1BBCAA /* Pods-Donly.deTests.release.xcconfig */ = {isa = PBXFileReference; includeInIndex = 1; lastKnownFileType = text.xcconfig; name = "Pods-Donly.deTests.release.xcconfig"; path = "Pods/Target Support Files/Pods-Donly.deTests/Pods-Donly.deTests.release.xcconfig"; sourceTree = "<group>"; };
		8C3B630B7F4F453F68D27147 /* Pods_Donly_deUITests.framework */ = {isa = PBXFileReference; explicitFileType = wrapper.framework; includeInIndex = 0; path = Pods_Donly_deUITests.framework; sourceTree = BUILT_PRODUCTS_DIR; };
		B53FD0A6D3D647518F2FA4BA /* Pods-Donly.deTests.staging.xcconfig */ = {isa = PBXFileReference; includeInIndex = 1; lastKnownFileType = text.xcconfig; name = "Pods-Donly.deTests.staging.xcconfig"; path = "Pods/Target Support Files/Pods-Donly.deTests/Pods-Donly.deTests.staging.xcconfig"; sourceTree = "<group>"; };
		F3D8A333BF5987B22F504E7E /* Pods-Donly.deUITests.release.xcconfig */ = {isa = PBXFileReference; includeInIndex = 1; lastKnownFileType = text.xcconfig; name = "Pods-Donly.deUITests.release.xcconfig"; path = "Pods/Target Support Files/Pods-Donly.deUITests/Pods-Donly.deUITests.release.xcconfig"; sourceTree = "<group>"; };
		F42157361EC734A5006441B3 /* OnboardingInfoVC.swift */ = {isa = PBXFileReference; fileEncoding = 4; lastKnownFileType = sourcecode.swift; path = OnboardingInfoVC.swift; sourceTree = "<group>"; };
		F42157371EC734A5006441B3 /* OnboardingInfoVC.xib */ = {isa = PBXFileReference; fileEncoding = 4; lastKnownFileType = file.xib; path = OnboardingInfoVC.xib; sourceTree = "<group>"; };
		F421573A1EC73B56006441B3 /* OnboardingInfoViewModel.swift */ = {isa = PBXFileReference; fileEncoding = 4; lastKnownFileType = sourcecode.swift; path = OnboardingInfoViewModel.swift; sourceTree = "<group>"; };
		F421573D1EC74048006441B3 /* OnboardingInfoElementView.swift */ = {isa = PBXFileReference; fileEncoding = 4; lastKnownFileType = sourcecode.swift; path = OnboardingInfoElementView.swift; sourceTree = "<group>"; };
		F421573F1EC741CF006441B3 /* OnboardingButton.swift */ = {isa = PBXFileReference; fileEncoding = 4; lastKnownFileType = sourcecode.swift; path = OnboardingButton.swift; sourceTree = "<group>"; };
		F42157431EC7490D006441B3 /* OnboardingPermissionsVC.swift */ = {isa = PBXFileReference; fileEncoding = 4; lastKnownFileType = sourcecode.swift; path = OnboardingPermissionsVC.swift; sourceTree = "<group>"; };
		F42157441EC7490D006441B3 /* OnboardingPermissionsVC.xib */ = {isa = PBXFileReference; fileEncoding = 4; lastKnownFileType = file.xib; path = OnboardingPermissionsVC.xib; sourceTree = "<group>"; };
		F42157471EC74920006441B3 /* OnboardingPermissionsViewModel.swift */ = {isa = PBXFileReference; fileEncoding = 4; lastKnownFileType = sourcecode.swift; path = OnboardingPermissionsViewModel.swift; sourceTree = "<group>"; };
		F422683B1EC8681200075CBE /* OnboardingLoginVC.swift */ = {isa = PBXFileReference; fileEncoding = 4; lastKnownFileType = sourcecode.swift; path = OnboardingLoginVC.swift; sourceTree = "<group>"; };
		F422683C1EC8681200075CBE /* OnboardingLoginVC.xib */ = {isa = PBXFileReference; fileEncoding = 4; lastKnownFileType = file.xib; path = OnboardingLoginVC.xib; sourceTree = "<group>"; };
		F422683F1EC8685100075CBE /* OnboardingLoginViewModel.swift */ = {isa = PBXFileReference; fileEncoding = 4; lastKnownFileType = sourcecode.swift; path = OnboardingLoginViewModel.swift; sourceTree = "<group>"; };
		F42268421EC879A800075CBE /* UIViewController+Extensions.swift */ = {isa = PBXFileReference; fileEncoding = 4; lastKnownFileType = sourcecode.swift; path = "UIViewController+Extensions.swift"; sourceTree = "<group>"; };
		F42268441EC89A4000075CBE /* AlertManager.swift */ = {isa = PBXFileReference; fileEncoding = 4; lastKnownFileType = sourcecode.swift; path = AlertManager.swift; sourceTree = "<group>"; };
		F42268461EC8A87400075CBE /* Constants.swift */ = {isa = PBXFileReference; fileEncoding = 4; lastKnownFileType = sourcecode.swift; path = Constants.swift; sourceTree = "<group>"; };
		F428B3291E8FCFBF00CF64F6 /* ApplicationSettings.swift */ = {isa = PBXFileReference; fileEncoding = 4; lastKnownFileType = sourcecode.swift; path = ApplicationSettings.swift; sourceTree = "<group>"; };
		F428B32B1E8FCFCB00CF64F6 /* ApplicationData.swift */ = {isa = PBXFileReference; fileEncoding = 4; lastKnownFileType = sourcecode.swift; path = ApplicationData.swift; sourceTree = "<group>"; };
		F428B3301E8FD53D00CF64F6 /* SplashVC.xib */ = {isa = PBXFileReference; fileEncoding = 4; lastKnownFileType = file.xib; path = SplashVC.xib; sourceTree = "<group>"; };
		F428B3321E8FD58400CF64F6 /* SplashVC.swift */ = {isa = PBXFileReference; fileEncoding = 4; lastKnownFileType = sourcecode.swift; path = SplashVC.swift; sourceTree = "<group>"; };
		F428B3341E8FD82D00CF64F6 /* SplashViewModel.swift */ = {isa = PBXFileReference; fileEncoding = 4; lastKnownFileType = sourcecode.swift; path = SplashViewModel.swift; sourceTree = "<group>"; };
		F428B3361E8FE04900CF64F6 /* MainVCt.swift */ = {isa = PBXFileReference; fileEncoding = 4; lastKnownFileType = sourcecode.swift; path = MainVCt.swift; sourceTree = "<group>"; };
		F428B33A1E943AF900CF64F6 /* LocationManager.swift */ = {isa = PBXFileReference; fileEncoding = 4; lastKnownFileType = sourcecode.swift; path = LocationManager.swift; sourceTree = "<group>"; };
		F428B33C1E943E9100CF64F6 /* NotificationsManager.swift */ = {isa = PBXFileReference; fileEncoding = 4; lastKnownFileType = sourcecode.swift; path = NotificationsManager.swift; sourceTree = "<group>"; };
		F43ECF5A1EE739C800F633E0 /* PhoneNumber.swift */ = {isa = PBXFileReference; fileEncoding = 4; lastKnownFileType = sourcecode.swift; path = PhoneNumber.swift; sourceTree = "<group>"; };
		F448D30D1EE0A518006A7416 /* SplashScene.swift */ = {isa = PBXFileReference; fileEncoding = 4; lastKnownFileType = sourcecode.swift; path = SplashScene.swift; sourceTree = "<group>"; };
		F448D30F1EE0A61C006A7416 /* OnboardingInfoScene.swift */ = {isa = PBXFileReference; fileEncoding = 4; lastKnownFileType = sourcecode.swift; path = OnboardingInfoScene.swift; sourceTree = "<group>"; };
		F448D3111EE0A6E3006A7416 /* OnboardingPermissionsScene.swift */ = {isa = PBXFileReference; fileEncoding = 4; lastKnownFileType = sourcecode.swift; path = OnboardingPermissionsScene.swift; sourceTree = "<group>"; };
		F448D3131EE0A846006A7416 /* OnboardingLoginScene.swift */ = {isa = PBXFileReference; fileEncoding = 4; lastKnownFileType = sourcecode.swift; path = OnboardingLoginScene.swift; sourceTree = "<group>"; };
		F448D3161EE0AEF7006A7416 /* MainVC.swift */ = {isa = PBXFileReference; fileEncoding = 4; lastKnownFileType = sourcecode.swift; path = MainVC.swift; sourceTree = "<group>"; };
		F448D31A1EE0AFFD006A7416 /* MainScene.swift */ = {isa = PBXFileReference; fileEncoding = 4; lastKnownFileType = sourcecode.swift; path = MainScene.swift; sourceTree = "<group>"; };
		F448D31C1EE0B022006A7416 /* MainViewModel.swift */ = {isa = PBXFileReference; fileEncoding = 4; lastKnownFileType = sourcecode.swift; path = MainViewModel.swift; sourceTree = "<group>"; };
		F448D31E1EE2EC97006A7416 /* MainVC.storyboard */ = {isa = PBXFileReference; fileEncoding = 4; lastKnownFileType = file.storyboard; path = MainVC.storyboard; sourceTree = "<group>"; };
		F448D3221EE3085A006A7416 /* TabBarButton.swift */ = {isa = PBXFileReference; fileEncoding = 4; lastKnownFileType = sourcecode.swift; path = TabBarButton.swift; sourceTree = "<group>"; };
		F448D3251EE6C4C4006A7416 /* MainMessagesVC.swift */ = {isa = PBXFileReference; fileEncoding = 4; lastKnownFileType = sourcecode.swift; path = MainMessagesVC.swift; sourceTree = "<group>"; };
		F448D3261EE6C4C4006A7416 /* MainMessagesVC.xib */ = {isa = PBXFileReference; fileEncoding = 4; lastKnownFileType = file.xib; path = MainMessagesVC.xib; sourceTree = "<group>"; };
		F448D3291EE6C4D8006A7416 /* MainMessagesEmpty.xib */ = {isa = PBXFileReference; fileEncoding = 4; lastKnownFileType = file.xib; path = MainMessagesEmpty.xib; sourceTree = "<group>"; };
		F448D32B1EE6C750006A7416 /* MainMessagesViewModel.swift */ = {isa = PBXFileReference; fileEncoding = 4; lastKnownFileType = sourcecode.swift; path = MainMessagesViewModel.swift; sourceTree = "<group>"; };
		F448D32D1EE6C761006A7416 /* MainMessagesScene.swift */ = {isa = PBXFileReference; fileEncoding = 4; lastKnownFileType = sourcecode.swift; path = MainMessagesScene.swift; sourceTree = "<group>"; };
		F448D32F1EE6C81C006A7416 /* Message.swift */ = {isa = PBXFileReference; fileEncoding = 4; lastKnownFileType = sourcecode.swift; path = Message.swift; sourceTree = "<group>"; };
		F44964891E993F0D0000330A /* JobsTableViewModel.swift */ = {isa = PBXFileReference; fileEncoding = 4; lastKnownFileType = sourcecode.swift; path = JobsTableViewModel.swift; sourceTree = "<group>"; };
		F46C464B1E8D90E8001FF145 /* Donly.de.app */ = {isa = PBXFileReference; explicitFileType = wrapper.application; includeInIndex = 0; path = Donly.de.app; sourceTree = BUILT_PRODUCTS_DIR; };
		F46C464E1E8D90E8001FF145 /* AppDelegate.swift */ = {isa = PBXFileReference; lastKnownFileType = sourcecode.swift; path = AppDelegate.swift; sourceTree = "<group>"; };
		F46C46551E8D90E8001FF145 /* Assets.xcassets */ = {isa = PBXFileReference; lastKnownFileType = folder.assetcatalog; path = Assets.xcassets; sourceTree = "<group>"; };
		F46C465A1E8D90E8001FF145 /* Info.plist */ = {isa = PBXFileReference; lastKnownFileType = text.plist.xml; path = Info.plist; sourceTree = "<group>"; };
		F46C465F1E8D90E8001FF145 /* Donly.deTests.xctest */ = {isa = PBXFileReference; explicitFileType = wrapper.cfbundle; includeInIndex = 0; path = Donly.deTests.xctest; sourceTree = BUILT_PRODUCTS_DIR; };
		F46C46631E8D90E8001FF145 /* Donly_deTests.swift */ = {isa = PBXFileReference; lastKnownFileType = sourcecode.swift; path = Donly_deTests.swift; sourceTree = "<group>"; };
		F46C46651E8D90E8001FF145 /* Info.plist */ = {isa = PBXFileReference; lastKnownFileType = text.plist.xml; path = Info.plist; sourceTree = "<group>"; };
		F46C466A1E8D90E8001FF145 /* Donly.deUITests.xctest */ = {isa = PBXFileReference; explicitFileType = wrapper.cfbundle; includeInIndex = 0; path = Donly.deUITests.xctest; sourceTree = BUILT_PRODUCTS_DIR; };
		F46C466E1E8D90E8001FF145 /* Donly_deUITests.swift */ = {isa = PBXFileReference; lastKnownFileType = sourcecode.swift; path = Donly_deUITests.swift; sourceTree = "<group>"; };
		F46C46701E8D90E8001FF145 /* Info.plist */ = {isa = PBXFileReference; lastKnownFileType = text.plist.xml; path = Info.plist; sourceTree = "<group>"; };
		F46C468D1E8DBB17001FF145 /* LaunchScreen.xib */ = {isa = PBXFileReference; fileEncoding = 4; lastKnownFileType = file.xib; path = LaunchScreen.xib; sourceTree = "<group>"; };
		F46C46901E8DBEA0001FF145 /* MainStoryboard.storyboard */ = {isa = PBXFileReference; fileEncoding = 4; lastKnownFileType = file.storyboard; path = MainStoryboard.storyboard; sourceTree = "<group>"; };
		F4F118A21E991701006D5A50 /* APIRequest.swift */ = {isa = PBXFileReference; fileEncoding = 4; lastKnownFileType = sourcecode.swift; path = APIRequest.swift; sourceTree = "<group>"; };
		F4F118A41E991983006D5A50 /* APIClient.swift */ = {isa = PBXFileReference; fileEncoding = 4; lastKnownFileType = sourcecode.swift; path = APIClient.swift; sourceTree = "<group>"; };
		F4F118A61E9919CA006D5A50 /* JSONSerializable.swift */ = {isa = PBXFileReference; fileEncoding = 4; lastKnownFileType = sourcecode.swift; path = JSONSerializable.swift; sourceTree = "<group>"; };
		F4F118A91E99289B006D5A50 /* UserAPIRequest.swift */ = {isa = PBXFileReference; fileEncoding = 4; lastKnownFileType = sourcecode.swift; path = UserAPIRequest.swift; sourceTree = "<group>"; };
		F4F118AC1E992BD3006D5A50 /* User.swift */ = {isa = PBXFileReference; fileEncoding = 4; lastKnownFileType = sourcecode.swift; path = User.swift; sourceTree = "<group>"; };
		F4F118AE1E99355E006D5A50 /* MainViewModelt.swift */ = {isa = PBXFileReference; fileEncoding = 4; lastKnownFileType = sourcecode.swift; path = MainViewModelt.swift; sourceTree = "<group>"; };
		F4F118B11E9937C9006D5A50 /* JobsTableVC.swift */ = {isa = PBXFileReference; fileEncoding = 4; lastKnownFileType = sourcecode.swift; path = JobsTableVC.swift; sourceTree = "<group>"; };
		F4F118B21E9937C9006D5A50 /* JobsTableVC.xib */ = {isa = PBXFileReference; fileEncoding = 4; lastKnownFileType = file.xib; path = JobsTableVC.xib; sourceTree = "<group>"; };
		F4F118B51E993854006D5A50 /* JobCell.swift */ = {isa = PBXFileReference; fileEncoding = 4; lastKnownFileType = sourcecode.swift; path = JobCell.swift; sourceTree = "<group>"; };
		F4F118B61E993854006D5A50 /* JobCell.xib */ = {isa = PBXFileReference; fileEncoding = 4; lastKnownFileType = file.xib; path = JobCell.xib; sourceTree = "<group>"; };
/* End PBXFileReference section */

/* Begin PBXFrameworksBuildPhase section */
		F46C46481E8D90E8001FF145 /* Frameworks */ = {
			isa = PBXFrameworksBuildPhase;
			buildActionMask = 2147483647;
			files = (
				B37C485B6E76722ECFA303E5 /* Pods_Donly_de.framework in Frameworks */,
			);
			runOnlyForDeploymentPostprocessing = 0;
		};
		F46C465C1E8D90E8001FF145 /* Frameworks */ = {
			isa = PBXFrameworksBuildPhase;
			buildActionMask = 2147483647;
			files = (
				5616B79BDCC2151ED54F8E03 /* Pods_Donly_deTests.framework in Frameworks */,
			);
			runOnlyForDeploymentPostprocessing = 0;
		};
		F46C46671E8D90E8001FF145 /* Frameworks */ = {
			isa = PBXFrameworksBuildPhase;
			buildActionMask = 2147483647;
			files = (
				0A2D92125C20935D13DCA00C /* Pods_Donly_deUITests.framework in Frameworks */,
			);
			runOnlyForDeploymentPostprocessing = 0;
		};
/* End PBXFrameworksBuildPhase section */

/* Begin PBXGroup section */
		ADFFDE2BEB54DE272121C837 /* Frameworks */ = {
			isa = PBXGroup;
			children = (
				6A90C87EAC5D9362CCDFAF6C /* Pods_Donly_de.framework */,
				688493A6803C95A4E2504C35 /* Pods_Donly_deTests.framework */,
				8C3B630B7F4F453F68D27147 /* Pods_Donly_deUITests.framework */,
			);
			name = Frameworks;
			sourceTree = "<group>";
		};
		DA821CB166F373EE8D574B35 /* Pods */ = {
			isa = PBXGroup;
			children = (
				51DBC975BBA7DA5D50196906 /* Pods-Donly.de.debug.xcconfig */,
				6138A163037F96D23375BAB4 /* Pods-Donly.de.release.xcconfig */,
				10954E214063C1466DC7DB1E /* Pods-Donly.deTests.debug.xcconfig */,
				76D0C15A763060B83E1BBCAA /* Pods-Donly.deTests.release.xcconfig */,
				59CBEEE1F6504CEED02283CE /* Pods-Donly.deUITests.debug.xcconfig */,
				F3D8A333BF5987B22F504E7E /* Pods-Donly.deUITests.release.xcconfig */,
				06031B57FB35A7700F8FD8F6 /* Pods-Donly.de.staging.xcconfig */,
				B53FD0A6D3D647518F2FA4BA /* Pods-Donly.deTests.staging.xcconfig */,
				7087F503A7CE3C66354CECC2 /* Pods-Donly.deUITests.staging.xcconfig */,
			);
			name = Pods;
			sourceTree = "<group>";
		};
		F421573C1EC7401F006441B3 /* Onboarding Custom Views  */ = {
			isa = PBXGroup;
			children = (
				F421573D1EC74048006441B3 /* OnboardingInfoElementView.swift */,
				F421573F1EC741CF006441B3 /* OnboardingButton.swift */,
			);
			name = "Onboarding Custom Views ";
			sourceTree = "<group>";
		};
		F42157411EC7443D006441B3 /* OnboardingInfo */ = {
			isa = PBXGroup;
			children = (
				F42157361EC734A5006441B3 /* OnboardingInfoVC.swift */,
				F421573A1EC73B56006441B3 /* OnboardingInfoViewModel.swift */,
				F448D30F1EE0A61C006A7416 /* OnboardingInfoScene.swift */,
				F42157371EC734A5006441B3 /* OnboardingInfoVC.xib */,
			);
			name = OnboardingInfo;
			sourceTree = "<group>";
		};
		F42157421EC748E2006441B3 /* OnboardingPermissions */ = {
			isa = PBXGroup;
			children = (
				F42157431EC7490D006441B3 /* OnboardingPermissionsVC.swift */,
				F42157471EC74920006441B3 /* OnboardingPermissionsViewModel.swift */,
				F448D3111EE0A6E3006A7416 /* OnboardingPermissionsScene.swift */,
				F42157441EC7490D006441B3 /* OnboardingPermissionsVC.xib */,
			);
			name = OnboardingPermissions;
			sourceTree = "<group>";
		};
		F422683A1EC867EB00075CBE /* OnboardingLogin */ = {
			isa = PBXGroup;
			children = (
				F422683B1EC8681200075CBE /* OnboardingLoginVC.swift */,
				F422683F1EC8685100075CBE /* OnboardingLoginViewModel.swift */,
				F448D3131EE0A846006A7416 /* OnboardingLoginScene.swift */,
				F422683C1EC8681200075CBE /* OnboardingLoginVC.xib */,
			);
			name = OnboardingLogin;
			sourceTree = "<group>";
		};
		F42268411EC8795800075CBE /* Extensions */ = {
			isa = PBXGroup;
			children = (
				F42268421EC879A800075CBE /* UIViewController+Extensions.swift */,
			);
			name = Extensions;
			sourceTree = "<group>";
		};
		F428B3281E8FCFAC00CF64F6 /* Utils */ = {
			isa = PBXGroup;
			children = (
				F428B3291E8FCFBF00CF64F6 /* ApplicationSettings.swift */,
				F428B32B1E8FCFCB00CF64F6 /* ApplicationData.swift */,
				F42268461EC8A87400075CBE /* Constants.swift */,
			);
			name = Utils;
			sourceTree = "<group>";
		};
		F428B32D1E8FD46700CF64F6 /* Splash Scene */ = {
			isa = PBXGroup;
			children = (
				F428B3321E8FD58400CF64F6 /* SplashVC.swift */,
				F428B3341E8FD82D00CF64F6 /* SplashViewModel.swift */,
				F448D30D1EE0A518006A7416 /* SplashScene.swift */,
				F428B3301E8FD53D00CF64F6 /* SplashVC.xib */,
			);
			name = "Splash Scene";
			sourceTree = "<group>";
		};
		F428B3391E943AE900CF64F6 /* Managers */ = {
			isa = PBXGroup;
			children = (
				F4F118A11E9916DA006D5A50 /* API */,
				F428B33A1E943AF900CF64F6 /* LocationManager.swift */,
				F428B33C1E943E9100CF64F6 /* NotificationsManager.swift */,
				F42268441EC89A4000075CBE /* AlertManager.swift */,
			);
			name = Managers;
			sourceTree = "<group>";
		};
		F448D3151EE0AE84006A7416 /* Main Scene */ = {
			isa = PBXGroup;
			children = (
				F448D3241EE6C3CB006A7416 /* Main Messages */,
				F448D3161EE0AEF7006A7416 /* MainVC.swift */,
				F448D31C1EE0B022006A7416 /* MainViewModel.swift */,
				F448D31A1EE0AFFD006A7416 /* MainScene.swift */,
				F448D31E1EE2EC97006A7416 /* MainVC.storyboard */,
				F448D3221EE3085A006A7416 /* TabBarButton.swift */,
			);
			name = "Main Scene";
			sourceTree = "<group>";
		};
		F448D3241EE6C3CB006A7416 /* Main Messages */ = {
			isa = PBXGroup;
			children = (
				F448D3251EE6C4C4006A7416 /* MainMessagesVC.swift */,
				F448D32B1EE6C750006A7416 /* MainMessagesViewModel.swift */,
				F448D32D1EE6C761006A7416 /* MainMessagesScene.swift */,
				F448D3261EE6C4C4006A7416 /* MainMessagesVC.xib */,
				F448D3291EE6C4D8006A7416 /* MainMessagesEmpty.xib */,
			);
			name = "Main Messages";
			sourceTree = "<group>";
		};
		F46C46421E8D90E8001FF145 = {
			isa = PBXGroup;
			children = (
				F46C464D1E8D90E8001FF145 /* Donly.de */,
				F46C46621E8D90E8001FF145 /* Donly.deTests */,
				F46C466D1E8D90E8001FF145 /* Donly.deUITests */,
				F46C464C1E8D90E8001FF145 /* Products */,
				DA821CB166F373EE8D574B35 /* Pods */,
				ADFFDE2BEB54DE272121C837 /* Frameworks */,
			);
			sourceTree = "<group>";
		};
		F46C464C1E8D90E8001FF145 /* Products */ = {
			isa = PBXGroup;
			children = (
				F46C464B1E8D90E8001FF145 /* Donly.de.app */,
				F46C465F1E8D90E8001FF145 /* Donly.deTests.xctest */,
				F46C466A1E8D90E8001FF145 /* Donly.deUITests.xctest */,
			);
			name = Products;
			sourceTree = "<group>";
		};
		F46C464D1E8D90E8001FF145 /* Donly.de */ = {
			isa = PBXGroup;
			children = (
				F46C467C1E8D9103001FF145 /* Scenes */,
				F4F118AB1E992BC5006D5A50 /* Model */,
				F46C468A1E8DB311001FF145 /* Custom Views */,
				F428B3391E943AE900CF64F6 /* Managers */,
				F42268411EC8795800075CBE /* Extensions */,
				F428B3281E8FCFAC00CF64F6 /* Utils */,
				F46C464E1E8D90E8001FF145 /* AppDelegate.swift */,
				F46C46551E8D90E8001FF145 /* Assets.xcassets */,
				F46C468D1E8DBB17001FF145 /* LaunchScreen.xib */,
				F46C465A1E8D90E8001FF145 /* Info.plist */,
			);
			path = Donly.de;
			sourceTree = "<group>";
		};
		F46C46621E8D90E8001FF145 /* Donly.deTests */ = {
			isa = PBXGroup;
			children = (
				F46C46631E8D90E8001FF145 /* Donly_deTests.swift */,
				F46C46651E8D90E8001FF145 /* Info.plist */,
			);
			path = Donly.deTests;
			sourceTree = "<group>";
		};
		F46C466D1E8D90E8001FF145 /* Donly.deUITests */ = {
			isa = PBXGroup;
			children = (
				F46C466E1E8D90E8001FF145 /* Donly_deUITests.swift */,
				F46C46701E8D90E8001FF145 /* Info.plist */,
			);
			path = Donly.deUITests;
			sourceTree = "<group>";
		};
		F46C467C1E8D9103001FF145 /* Scenes */ = {
			isa = PBXGroup;
			children = (
				F428B32D1E8FD46700CF64F6 /* Splash Scene */,
				F46C46891E8DB211001FF145 /* Onboarding Scene */,
				F448D3151EE0AE84006A7416 /* Main Scene */,
				F46C468F1E8DBE6E001FF145 /* Main Screen */,
			);
			name = Scenes;
			sourceTree = "<group>";
		};
		F46C46891E8DB211001FF145 /* Onboarding Scene */ = {
			isa = PBXGroup;
			children = (
				F42157411EC7443D006441B3 /* OnboardingInfo */,
				F42157421EC748E2006441B3 /* OnboardingPermissions */,
				F422683A1EC867EB00075CBE /* OnboardingLogin */,
				F421573C1EC7401F006441B3 /* Onboarding Custom Views  */,
			);
			name = "Onboarding Scene";
			sourceTree = "<group>";
		};
		F46C468A1E8DB311001FF145 /* Custom Views */ = {
			isa = PBXGroup;
			children = (
			);
			name = "Custom Views";
			sourceTree = "<group>";
		};
		F46C468F1E8DBE6E001FF145 /* Main Screen */ = {
			isa = PBXGroup;
			children = (
				F4F118B01E993564006D5A50 /* Main Screens */,
				F46C46901E8DBEA0001FF145 /* MainStoryboard.storyboard */,
				F428B3361E8FE04900CF64F6 /* MainVCt.swift */,
				F4F118AE1E99355E006D5A50 /* MainViewModelt.swift */,
			);
			name = "Main Screen";
			sourceTree = "<group>";
		};
		F4F118A11E9916DA006D5A50 /* API */ = {
			isa = PBXGroup;
			children = (
				F4F118A81E99287E006D5A50 /* APIRequests */,
				F4F118A21E991701006D5A50 /* APIRequest.swift */,
				F4F118A41E991983006D5A50 /* APIClient.swift */,
				F4F118A61E9919CA006D5A50 /* JSONSerializable.swift */,
			);
			name = API;
			sourceTree = "<group>";
		};
		F4F118A81E99287E006D5A50 /* APIRequests */ = {
			isa = PBXGroup;
			children = (
				F4F118A91E99289B006D5A50 /* UserAPIRequest.swift */,
			);
			name = APIRequests;
			sourceTree = "<group>";
		};
		F4F118AB1E992BC5006D5A50 /* Model */ = {
			isa = PBXGroup;
			children = (
				F4F118AC1E992BD3006D5A50 /* User.swift */,
				F448D32F1EE6C81C006A7416 /* Message.swift */,
				F43ECF5A1EE739C800F633E0 /* PhoneNumber.swift */,
			);
			name = Model;
			sourceTree = "<group>";
		};
		F4F118B01E993564006D5A50 /* Main Screens */ = {
			isa = PBXGroup;
			children = (
				F4F118B11E9937C9006D5A50 /* JobsTableVC.swift */,
				F44964891E993F0D0000330A /* JobsTableViewModel.swift */,
				F4F118B21E9937C9006D5A50 /* JobsTableVC.xib */,
				F4F118B51E993854006D5A50 /* JobCell.swift */,
				F4F118B61E993854006D5A50 /* JobCell.xib */,
			);
			name = "Main Screens";
			sourceTree = "<group>";
		};
/* End PBXGroup section */

/* Begin PBXNativeTarget section */
		F46C464A1E8D90E8001FF145 /* Donly.de */ = {
			isa = PBXNativeTarget;
			buildConfigurationList = F46C46731E8D90E8001FF145 /* Build configuration list for PBXNativeTarget "Donly.de" */;
			buildPhases = (
				8A2AB7C3C8D204D4DFA34662 /* [CP] Check Pods Manifest.lock */,
				F46C46471E8D90E8001FF145 /* Sources */,
				F46C46481E8D90E8001FF145 /* Frameworks */,
				F46C46491E8D90E8001FF145 /* Resources */,
				F38B43A97B42A49835953099 /* [CP] Embed Pods Frameworks */,
				FE9311FCC0357C94765A8A42 /* [CP] Copy Pods Resources */,
			);
			buildRules = (
			);
			dependencies = (
			);
			name = Donly.de;
			productName = Donly.de;
			productReference = F46C464B1E8D90E8001FF145 /* Donly.de.app */;
			productType = "com.apple.product-type.application";
		};
		F46C465E1E8D90E8001FF145 /* Donly.deTests */ = {
			isa = PBXNativeTarget;
			buildConfigurationList = F46C46761E8D90E8001FF145 /* Build configuration list for PBXNativeTarget "Donly.deTests" */;
			buildPhases = (
				F8A02C7431D9AA1C9CAAAC11 /* [CP] Check Pods Manifest.lock */,
				F46C465B1E8D90E8001FF145 /* Sources */,
				F46C465C1E8D90E8001FF145 /* Frameworks */,
				F46C465D1E8D90E8001FF145 /* Resources */,
				B8321470D25900EA125DEB99 /* [CP] Embed Pods Frameworks */,
				BA002E376A50E0AA4BFB0EE8 /* [CP] Copy Pods Resources */,
			);
			buildRules = (
			);
			dependencies = (
				F46C46611E8D90E8001FF145 /* PBXTargetDependency */,
			);
			name = Donly.deTests;
			productName = Donly.deTests;
			productReference = F46C465F1E8D90E8001FF145 /* Donly.deTests.xctest */;
			productType = "com.apple.product-type.bundle.unit-test";
		};
		F46C46691E8D90E8001FF145 /* Donly.deUITests */ = {
			isa = PBXNativeTarget;
			buildConfigurationList = F46C46791E8D90E8001FF145 /* Build configuration list for PBXNativeTarget "Donly.deUITests" */;
			buildPhases = (
				7098FA807108D64A92063ABA /* [CP] Check Pods Manifest.lock */,
				F46C46661E8D90E8001FF145 /* Sources */,
				F46C46671E8D90E8001FF145 /* Frameworks */,
				F46C46681E8D90E8001FF145 /* Resources */,
				4CB13C7D5A7016123A6774F6 /* [CP] Embed Pods Frameworks */,
				A38600849E66023FE19FD3FD /* [CP] Copy Pods Resources */,
			);
			buildRules = (
			);
			dependencies = (
				F46C466C1E8D90E8001FF145 /* PBXTargetDependency */,
			);
			name = Donly.deUITests;
			productName = Donly.deUITests;
			productReference = F46C466A1E8D90E8001FF145 /* Donly.deUITests.xctest */;
			productType = "com.apple.product-type.bundle.ui-testing";
		};
/* End PBXNativeTarget section */

/* Begin PBXProject section */
		F46C46431E8D90E8001FF145 /* Project object */ = {
			isa = PBXProject;
			attributes = {
				LastSwiftUpdateCheck = 0830;
				LastUpgradeCheck = 0830;
				ORGANIZATIONNAME = 404wasfound;
				TargetAttributes = {
					F46C464A1E8D90E8001FF145 = {
						CreatedOnToolsVersion = 8.3;
						DevelopmentTeam = HPX9HV787C;
						ProvisioningStyle = Automatic;
					};
					F46C465E1E8D90E8001FF145 = {
						CreatedOnToolsVersion = 8.3;
						DevelopmentTeam = HPX9HV787C;
						ProvisioningStyle = Automatic;
						TestTargetID = F46C464A1E8D90E8001FF145;
					};
					F46C46691E8D90E8001FF145 = {
						CreatedOnToolsVersion = 8.3;
						DevelopmentTeam = HPX9HV787C;
						ProvisioningStyle = Automatic;
						TestTargetID = F46C464A1E8D90E8001FF145;
					};
				};
			};
			buildConfigurationList = F46C46461E8D90E8001FF145 /* Build configuration list for PBXProject "Donly.de" */;
			compatibilityVersion = "Xcode 3.2";
			developmentRegion = English;
			hasScannedForEncodings = 0;
			knownRegions = (
				en,
				Base,
			);
			mainGroup = F46C46421E8D90E8001FF145;
			productRefGroup = F46C464C1E8D90E8001FF145 /* Products */;
			projectDirPath = "";
			projectRoot = "";
			targets = (
				F46C464A1E8D90E8001FF145 /* Donly.de */,
				F46C465E1E8D90E8001FF145 /* Donly.deTests */,
				F46C46691E8D90E8001FF145 /* Donly.deUITests */,
			);
		};
/* End PBXProject section */

/* Begin PBXResourcesBuildPhase section */
		F46C46491E8D90E8001FF145 /* Resources */ = {
			isa = PBXResourcesBuildPhase;
			buildActionMask = 2147483647;
			files = (
				F448D31F1EE2EC97006A7416 /* MainVC.storyboard in Resources */,
				F4F118B41E9937C9006D5A50 /* JobsTableVC.xib in Resources */,
				F46C468E1E8DBB17001FF145 /* LaunchScreen.xib in Resources */,
				F428B3311E8FD53D00CF64F6 /* SplashVC.xib in Resources */,
				F46C46911E8DBEA0001FF145 /* MainStoryboard.storyboard in Resources */,
				F448D3281EE6C4C4006A7416 /* MainMessagesVC.xib in Resources */,
				F448D32A1EE6C4D8006A7416 /* MainMessagesEmpty.xib in Resources */,
				F42157391EC734A5006441B3 /* OnboardingInfoVC.xib in Resources */,
				F46C46561E8D90E8001FF145 /* Assets.xcassets in Resources */,
				F422683E1EC8681200075CBE /* OnboardingLoginVC.xib in Resources */,
				F42157461EC7490D006441B3 /* OnboardingPermissionsVC.xib in Resources */,
				F4F118B81E993854006D5A50 /* JobCell.xib in Resources */,
			);
			runOnlyForDeploymentPostprocessing = 0;
		};
		F46C465D1E8D90E8001FF145 /* Resources */ = {
			isa = PBXResourcesBuildPhase;
			buildActionMask = 2147483647;
			files = (
			);
			runOnlyForDeploymentPostprocessing = 0;
		};
		F46C46681E8D90E8001FF145 /* Resources */ = {
			isa = PBXResourcesBuildPhase;
			buildActionMask = 2147483647;
			files = (
			);
			runOnlyForDeploymentPostprocessing = 0;
		};
/* End PBXResourcesBuildPhase section */

/* Begin PBXShellScriptBuildPhase section */
		4CB13C7D5A7016123A6774F6 /* [CP] Embed Pods Frameworks */ = {
			isa = PBXShellScriptBuildPhase;
			buildActionMask = 2147483647;
			files = (
			);
			inputPaths = (
			);
			name = "[CP] Embed Pods Frameworks";
			outputPaths = (
			);
			runOnlyForDeploymentPostprocessing = 0;
			shellPath = /bin/sh;
			shellScript = "\"${SRCROOT}/Pods/Target Support Files/Pods-Donly.deUITests/Pods-Donly.deUITests-frameworks.sh\"\n";
			showEnvVarsInLog = 0;
		};
		7098FA807108D64A92063ABA /* [CP] Check Pods Manifest.lock */ = {
			isa = PBXShellScriptBuildPhase;
			buildActionMask = 2147483647;
			files = (
			);
			inputPaths = (
			);
			name = "[CP] Check Pods Manifest.lock";
			outputPaths = (
			);
			runOnlyForDeploymentPostprocessing = 0;
			shellPath = /bin/sh;
			shellScript = "diff \"${PODS_ROOT}/../Podfile.lock\" \"${PODS_ROOT}/Manifest.lock\" > /dev/null\nif [ $? != 0 ] ; then\n    # print error to STDERR\n    echo \"error: The sandbox is not in sync with the Podfile.lock. Run 'pod install' or update your CocoaPods installation.\" >&2\n    exit 1\nfi\n";
			showEnvVarsInLog = 0;
		};
		8A2AB7C3C8D204D4DFA34662 /* [CP] Check Pods Manifest.lock */ = {
			isa = PBXShellScriptBuildPhase;
			buildActionMask = 2147483647;
			files = (
			);
			inputPaths = (
			);
			name = "[CP] Check Pods Manifest.lock";
			outputPaths = (
			);
			runOnlyForDeploymentPostprocessing = 0;
			shellPath = /bin/sh;
			shellScript = "diff \"${PODS_ROOT}/../Podfile.lock\" \"${PODS_ROOT}/Manifest.lock\" > /dev/null\nif [ $? != 0 ] ; then\n    # print error to STDERR\n    echo \"error: The sandbox is not in sync with the Podfile.lock. Run 'pod install' or update your CocoaPods installation.\" >&2\n    exit 1\nfi\n";
			showEnvVarsInLog = 0;
		};
		A38600849E66023FE19FD3FD /* [CP] Copy Pods Resources */ = {
			isa = PBXShellScriptBuildPhase;
			buildActionMask = 2147483647;
			files = (
			);
			inputPaths = (
			);
			name = "[CP] Copy Pods Resources";
			outputPaths = (
			);
			runOnlyForDeploymentPostprocessing = 0;
			shellPath = /bin/sh;
			shellScript = "\"${SRCROOT}/Pods/Target Support Files/Pods-Donly.deUITests/Pods-Donly.deUITests-resources.sh\"\n";
			showEnvVarsInLog = 0;
		};
		B8321470D25900EA125DEB99 /* [CP] Embed Pods Frameworks */ = {
			isa = PBXShellScriptBuildPhase;
			buildActionMask = 2147483647;
			files = (
			);
			inputPaths = (
			);
			name = "[CP] Embed Pods Frameworks";
			outputPaths = (
			);
			runOnlyForDeploymentPostprocessing = 0;
			shellPath = /bin/sh;
			shellScript = "\"${SRCROOT}/Pods/Target Support Files/Pods-Donly.deTests/Pods-Donly.deTests-frameworks.sh\"\n";
			showEnvVarsInLog = 0;
		};
		BA002E376A50E0AA4BFB0EE8 /* [CP] Copy Pods Resources */ = {
			isa = PBXShellScriptBuildPhase;
			buildActionMask = 2147483647;
			files = (
			);
			inputPaths = (
			);
			name = "[CP] Copy Pods Resources";
			outputPaths = (
			);
			runOnlyForDeploymentPostprocessing = 0;
			shellPath = /bin/sh;
			shellScript = "\"${SRCROOT}/Pods/Target Support Files/Pods-Donly.deTests/Pods-Donly.deTests-resources.sh\"\n";
			showEnvVarsInLog = 0;
		};
		F38B43A97B42A49835953099 /* [CP] Embed Pods Frameworks */ = {
			isa = PBXShellScriptBuildPhase;
			buildActionMask = 2147483647;
			files = (
			);
			inputPaths = (
			);
			name = "[CP] Embed Pods Frameworks";
			outputPaths = (
			);
			runOnlyForDeploymentPostprocessing = 0;
			shellPath = /bin/sh;
			shellScript = "\"${SRCROOT}/Pods/Target Support Files/Pods-Donly.de/Pods-Donly.de-frameworks.sh\"\n";
			showEnvVarsInLog = 0;
		};
		F8A02C7431D9AA1C9CAAAC11 /* [CP] Check Pods Manifest.lock */ = {
			isa = PBXShellScriptBuildPhase;
			buildActionMask = 2147483647;
			files = (
			);
			inputPaths = (
			);
			name = "[CP] Check Pods Manifest.lock";
			outputPaths = (
			);
			runOnlyForDeploymentPostprocessing = 0;
			shellPath = /bin/sh;
			shellScript = "diff \"${PODS_ROOT}/../Podfile.lock\" \"${PODS_ROOT}/Manifest.lock\" > /dev/null\nif [ $? != 0 ] ; then\n    # print error to STDERR\n    echo \"error: The sandbox is not in sync with the Podfile.lock. Run 'pod install' or update your CocoaPods installation.\" >&2\n    exit 1\nfi\n";
			showEnvVarsInLog = 0;
		};
		FE9311FCC0357C94765A8A42 /* [CP] Copy Pods Resources */ = {
			isa = PBXShellScriptBuildPhase;
			buildActionMask = 2147483647;
			files = (
			);
			inputPaths = (
			);
			name = "[CP] Copy Pods Resources";
			outputPaths = (
			);
			runOnlyForDeploymentPostprocessing = 0;
			shellPath = /bin/sh;
			shellScript = "\"${SRCROOT}/Pods/Target Support Files/Pods-Donly.de/Pods-Donly.de-resources.sh\"\n";
			showEnvVarsInLog = 0;
		};
/* End PBXShellScriptBuildPhase section */

/* Begin PBXSourcesBuildPhase section */
		F46C46471E8D90E8001FF145 /* Sources */ = {
			isa = PBXSourcesBuildPhase;
			buildActionMask = 2147483647;
			files = (
				F448D31D1EE0B022006A7416 /* MainViewModel.swift in Sources */,
				F42157451EC7490D006441B3 /* OnboardingPermissionsVC.swift in Sources */,
				F42157381EC734A5006441B3 /* OnboardingInfoVC.swift in Sources */,
				F4F118AA1E99289B006D5A50 /* UserAPIRequest.swift in Sources */,
				F448D30E1EE0A518006A7416 /* SplashScene.swift in Sources */,
				F448D3231EE3085B006A7416 /* TabBarButton.swift in Sources */,
				F448D3181EE0AEF7006A7416 /* MainVC.swift in Sources */,
				F43ECF5B1EE739C800F633E0 /* PhoneNumber.swift in Sources */,
				F4F118A51E991983006D5A50 /* APIClient.swift in Sources */,
				F428B33D1E943E9100CF64F6 /* NotificationsManager.swift in Sources */,
				F42268471EC8A87400075CBE /* Constants.swift in Sources */,
				F428B33B1E943AF900CF64F6 /* LocationManager.swift in Sources */,
				F4F118AD1E992BD3006D5A50 /* User.swift in Sources */,
				F428B3351E8FD82D00CF64F6 /* SplashViewModel.swift in Sources */,
				F449648A1E993F0D0000330A /* JobsTableViewModel.swift in Sources */,
				F421573B1EC73B56006441B3 /* OnboardingInfoViewModel.swift in Sources */,
				F428B32C1E8FCFCB00CF64F6 /* ApplicationData.swift in Sources */,
				F42268451EC89A4000075CBE /* AlertManager.swift in Sources */,
				F448D32C1EE6C750006A7416 /* MainMessagesViewModel.swift in Sources */,
				F448D32E1EE6C761006A7416 /* MainMessagesScene.swift in Sources */,
				F421573E1EC74048006441B3 /* OnboardingInfoElementView.swift in Sources */,
				F4F118B71E993854006D5A50 /* JobCell.swift in Sources */,
				F428B3331E8FD58400CF64F6 /* SplashVC.swift in Sources */,
				F4F118A31E991701006D5A50 /* APIRequest.swift in Sources */,
				F422683D1EC8681200075CBE /* OnboardingLoginVC.swift in Sources */,
				F42268401EC8685100075CBE /* OnboardingLoginViewModel.swift in Sources */,
				F42157481EC74920006441B3 /* OnboardingPermissionsViewModel.swift in Sources */,
				F42268431EC879A800075CBE /* UIViewController+Extensions.swift in Sources */,
				F448D31B1EE0AFFD006A7416 /* MainScene.swift in Sources */,
				F46C464F1E8D90E8001FF145 /* AppDelegate.swift in Sources */,
				F448D3121EE0A6E3006A7416 /* OnboardingPermissionsScene.swift in Sources */,
				F4F118A71E9919CA006D5A50 /* JSONSerializable.swift in Sources */,
				F42157401EC741CF006441B3 /* OnboardingButton.swift in Sources */,
				F448D3101EE0A61C006A7416 /* OnboardingInfoScene.swift in Sources */,
				F428B32A1E8FCFBF00CF64F6 /* ApplicationSettings.swift in Sources */,
				F448D3271EE6C4C4006A7416 /* MainMessagesVC.swift in Sources */,
				F428B3371E8FE04900CF64F6 /* MainVCt.swift in Sources */,
				F4F118AF1E99355E006D5A50 /* MainViewModelt.swift in Sources */,
				F448D3301EE6C81C006A7416 /* Message.swift in Sources */,
				F4F118B31E9937C9006D5A50 /* JobsTableVC.swift in Sources */,
				F448D3141EE0A846006A7416 /* OnboardingLoginScene.swift in Sources */,
			);
			runOnlyForDeploymentPostprocessing = 0;
		};
		F46C465B1E8D90E8001FF145 /* Sources */ = {
			isa = PBXSourcesBuildPhase;
			buildActionMask = 2147483647;
			files = (
				F46C46641E8D90E8001FF145 /* Donly_deTests.swift in Sources */,
			);
			runOnlyForDeploymentPostprocessing = 0;
		};
		F46C46661E8D90E8001FF145 /* Sources */ = {
			isa = PBXSourcesBuildPhase;
			buildActionMask = 2147483647;
			files = (
				F46C466F1E8D90E8001FF145 /* Donly_deUITests.swift in Sources */,
			);
			runOnlyForDeploymentPostprocessing = 0;
		};
/* End PBXSourcesBuildPhase section */

/* Begin PBXTargetDependency section */
		F46C46611E8D90E8001FF145 /* PBXTargetDependency */ = {
			isa = PBXTargetDependency;
			target = F46C464A1E8D90E8001FF145 /* Donly.de */;
			targetProxy = F46C46601E8D90E8001FF145 /* PBXContainerItemProxy */;
		};
		F46C466C1E8D90E8001FF145 /* PBXTargetDependency */ = {
			isa = PBXTargetDependency;
			target = F46C464A1E8D90E8001FF145 /* Donly.de */;
			targetProxy = F46C466B1E8D90E8001FF145 /* PBXContainerItemProxy */;
		};
/* End PBXTargetDependency section */

/* Begin XCBuildConfiguration section */
		F428B3231E8FCA2B00CF64F6 /* Staging */ = {
			isa = XCBuildConfiguration;
			buildSettings = {
				ALWAYS_SEARCH_USER_PATHS = NO;
				CLANG_ANALYZER_NONNULL = YES;
				CLANG_ANALYZER_NUMBER_OBJECT_CONVERSION = YES_AGGRESSIVE;
				CLANG_CXX_LANGUAGE_STANDARD = "gnu++0x";
				CLANG_CXX_LIBRARY = "libc++";
				CLANG_ENABLE_MODULES = YES;
				CLANG_ENABLE_OBJC_ARC = YES;
				CLANG_WARN_BOOL_CONVERSION = YES;
				CLANG_WARN_CONSTANT_CONVERSION = YES;
				CLANG_WARN_DIRECT_OBJC_ISA_USAGE = YES_ERROR;
				CLANG_WARN_DOCUMENTATION_COMMENTS = YES;
				CLANG_WARN_EMPTY_BODY = YES;
				CLANG_WARN_ENUM_CONVERSION = YES;
				CLANG_WARN_INFINITE_RECURSION = YES;
				CLANG_WARN_INT_CONVERSION = YES;
				CLANG_WARN_OBJC_ROOT_CLASS = YES_ERROR;
				CLANG_WARN_SUSPICIOUS_MOVE = YES;
				CLANG_WARN_UNREACHABLE_CODE = YES;
				CLANG_WARN__DUPLICATE_METHOD_MATCH = YES;
				"CODE_SIGN_IDENTITY[sdk=iphoneos*]" = "iPhone Developer";
				COPY_PHASE_STRIP = NO;
				DEBUG_INFORMATION_FORMAT = dwarf;
				ENABLE_STRICT_OBJC_MSGSEND = YES;
				ENABLE_TESTABILITY = YES;
				GCC_C_LANGUAGE_STANDARD = gnu99;
				GCC_DYNAMIC_NO_PIC = NO;
				GCC_NO_COMMON_BLOCKS = YES;
				GCC_OPTIMIZATION_LEVEL = 0;
				GCC_PREPROCESSOR_DEFINITIONS = (
					"DEBUG=1",
					"$(inherited)",
				);
				GCC_WARN_64_TO_32_BIT_CONVERSION = YES;
				GCC_WARN_ABOUT_RETURN_TYPE = YES_ERROR;
				GCC_WARN_UNDECLARED_SELECTOR = YES;
				GCC_WARN_UNINITIALIZED_AUTOS = YES_AGGRESSIVE;
				GCC_WARN_UNUSED_FUNCTION = YES;
				GCC_WARN_UNUSED_VARIABLE = YES;
				IPHONEOS_DEPLOYMENT_TARGET = 10.3;
				MTL_ENABLE_DEBUG_INFO = YES;
				ONLY_ACTIVE_ARCH = YES;
				SDKROOT = iphoneos;
				SWIFT_ACTIVE_COMPILATION_CONDITIONS = DEBUG;
				SWIFT_OPTIMIZATION_LEVEL = "-Onone";
				TARGETED_DEVICE_FAMILY = "1,2";
			};
			name = Staging;
		};
		F428B3241E8FCA2B00CF64F6 /* Staging */ = {
			isa = XCBuildConfiguration;
			baseConfigurationReference = 06031B57FB35A7700F8FD8F6 /* Pods-Donly.de.staging.xcconfig */;
			buildSettings = {
				ASSETCATALOG_COMPILER_APPICON_NAME = AppIcon;
				BASE_URL = "http://update.donly.de/api/v1/system/";
				"CODE_SIGN_IDENTITY[sdk=iphoneos*]" = "iPhone Developer";
				DEVELOPMENT_TEAM = HPX9HV787C;
				DISPLAY_NAME = "Donly.de STAGING";
				INFOPLIST_FILE = Donly.de/Info.plist;
				IPHONEOS_DEPLOYMENT_TARGET = 10.1;
				LD_RUNPATH_SEARCH_PATHS = "$(inherited) @executable_path/Frameworks";
				PRODUCT_BUNDLE_IDENTIFIER = "com.donly.Donly-de";
				PRODUCT_NAME = "$(TARGET_NAME)";
				PROVISIONING_PROFILE_SPECIFIER = "";
				SWIFT_VERSION = 3.0;
				TARGETED_DEVICE_FAMILY = 1;
			};
			name = Staging;
		};
		F428B3251E8FCA2B00CF64F6 /* Staging */ = {
			isa = XCBuildConfiguration;
			baseConfigurationReference = B53FD0A6D3D647518F2FA4BA /* Pods-Donly.deTests.staging.xcconfig */;
			buildSettings = {
				ALWAYS_EMBED_SWIFT_STANDARD_LIBRARIES = YES;
				BUNDLE_LOADER = "$(TEST_HOST)";
				DEVELOPMENT_TEAM = HPX9HV787C;
				INFOPLIST_FILE = Donly.deTests/Info.plist;
				LD_RUNPATH_SEARCH_PATHS = "$(inherited) @executable_path/Frameworks @loader_path/Frameworks";
				PRODUCT_BUNDLE_IDENTIFIER = "com.donly.Donly-deTests";
				PRODUCT_NAME = "$(TARGET_NAME)";
				SWIFT_VERSION = 3.0;
				TEST_HOST = "$(BUILT_PRODUCTS_DIR)/Donly.de.app/Donly.de";
			};
			name = Staging;
		};
		F428B3261E8FCA2B00CF64F6 /* Staging */ = {
			isa = XCBuildConfiguration;
			baseConfigurationReference = 7087F503A7CE3C66354CECC2 /* Pods-Donly.deUITests.staging.xcconfig */;
			buildSettings = {
				ALWAYS_EMBED_SWIFT_STANDARD_LIBRARIES = YES;
				DEVELOPMENT_TEAM = HPX9HV787C;
				INFOPLIST_FILE = Donly.deUITests/Info.plist;
				LD_RUNPATH_SEARCH_PATHS = "$(inherited) @executable_path/Frameworks @loader_path/Frameworks";
				PRODUCT_BUNDLE_IDENTIFIER = "com.donly.Donly-deUITests";
				PRODUCT_NAME = "$(TARGET_NAME)";
				SWIFT_VERSION = 3.0;
				TEST_TARGET_NAME = Donly.de;
			};
			name = Staging;
		};
		F46C46711E8D90E8001FF145 /* Debug */ = {
			isa = XCBuildConfiguration;
			buildSettings = {
				ALWAYS_SEARCH_USER_PATHS = NO;
				CLANG_ANALYZER_NONNULL = YES;
				CLANG_ANALYZER_NUMBER_OBJECT_CONVERSION = YES_AGGRESSIVE;
				CLANG_CXX_LANGUAGE_STANDARD = "gnu++0x";
				CLANG_CXX_LIBRARY = "libc++";
				CLANG_ENABLE_MODULES = YES;
				CLANG_ENABLE_OBJC_ARC = YES;
				CLANG_WARN_BOOL_CONVERSION = YES;
				CLANG_WARN_CONSTANT_CONVERSION = YES;
				CLANG_WARN_DIRECT_OBJC_ISA_USAGE = YES_ERROR;
				CLANG_WARN_DOCUMENTATION_COMMENTS = YES;
				CLANG_WARN_EMPTY_BODY = YES;
				CLANG_WARN_ENUM_CONVERSION = YES;
				CLANG_WARN_INFINITE_RECURSION = YES;
				CLANG_WARN_INT_CONVERSION = YES;
				CLANG_WARN_OBJC_ROOT_CLASS = YES_ERROR;
				CLANG_WARN_SUSPICIOUS_MOVE = YES;
				CLANG_WARN_UNREACHABLE_CODE = YES;
				CLANG_WARN__DUPLICATE_METHOD_MATCH = YES;
				"CODE_SIGN_IDENTITY[sdk=iphoneos*]" = "iPhone Developer";
				COPY_PHASE_STRIP = NO;
				DEBUG_INFORMATION_FORMAT = dwarf;
				ENABLE_STRICT_OBJC_MSGSEND = YES;
				ENABLE_TESTABILITY = YES;
				GCC_C_LANGUAGE_STANDARD = gnu99;
				GCC_DYNAMIC_NO_PIC = NO;
				GCC_NO_COMMON_BLOCKS = YES;
				GCC_OPTIMIZATION_LEVEL = 0;
				GCC_PREPROCESSOR_DEFINITIONS = (
					"DEBUG=1",
					"$(inherited)",
				);
				GCC_WARN_64_TO_32_BIT_CONVERSION = YES;
				GCC_WARN_ABOUT_RETURN_TYPE = YES_ERROR;
				GCC_WARN_UNDECLARED_SELECTOR = YES;
				GCC_WARN_UNINITIALIZED_AUTOS = YES_AGGRESSIVE;
				GCC_WARN_UNUSED_FUNCTION = YES;
				GCC_WARN_UNUSED_VARIABLE = YES;
				IPHONEOS_DEPLOYMENT_TARGET = 10.3;
				MTL_ENABLE_DEBUG_INFO = YES;
				ONLY_ACTIVE_ARCH = YES;
				SDKROOT = iphoneos;
				SWIFT_ACTIVE_COMPILATION_CONDITIONS = DEBUG;
				SWIFT_OPTIMIZATION_LEVEL = "-Onone";
				TARGETED_DEVICE_FAMILY = "1,2";
			};
			name = Debug;
		};
		F46C46721E8D90E8001FF145 /* Release */ = {
			isa = XCBuildConfiguration;
			buildSettings = {
				ALWAYS_SEARCH_USER_PATHS = NO;
				CLANG_ANALYZER_NONNULL = YES;
				CLANG_ANALYZER_NUMBER_OBJECT_CONVERSION = YES_AGGRESSIVE;
				CLANG_CXX_LANGUAGE_STANDARD = "gnu++0x";
				CLANG_CXX_LIBRARY = "libc++";
				CLANG_ENABLE_MODULES = YES;
				CLANG_ENABLE_OBJC_ARC = YES;
				CLANG_WARN_BOOL_CONVERSION = YES;
				CLANG_WARN_CONSTANT_CONVERSION = YES;
				CLANG_WARN_DIRECT_OBJC_ISA_USAGE = YES_ERROR;
				CLANG_WARN_DOCUMENTATION_COMMENTS = YES;
				CLANG_WARN_EMPTY_BODY = YES;
				CLANG_WARN_ENUM_CONVERSION = YES;
				CLANG_WARN_INFINITE_RECURSION = YES;
				CLANG_WARN_INT_CONVERSION = YES;
				CLANG_WARN_OBJC_ROOT_CLASS = YES_ERROR;
				CLANG_WARN_SUSPICIOUS_MOVE = YES;
				CLANG_WARN_UNREACHABLE_CODE = YES;
				CLANG_WARN__DUPLICATE_METHOD_MATCH = YES;
				"CODE_SIGN_IDENTITY[sdk=iphoneos*]" = "iPhone Developer";
				COPY_PHASE_STRIP = NO;
				DEBUG_INFORMATION_FORMAT = "dwarf-with-dsym";
				ENABLE_NS_ASSERTIONS = NO;
				ENABLE_STRICT_OBJC_MSGSEND = YES;
				GCC_C_LANGUAGE_STANDARD = gnu99;
				GCC_NO_COMMON_BLOCKS = YES;
				GCC_WARN_64_TO_32_BIT_CONVERSION = YES;
				GCC_WARN_ABOUT_RETURN_TYPE = YES_ERROR;
				GCC_WARN_UNDECLARED_SELECTOR = YES;
				GCC_WARN_UNINITIALIZED_AUTOS = YES_AGGRESSIVE;
				GCC_WARN_UNUSED_FUNCTION = YES;
				GCC_WARN_UNUSED_VARIABLE = YES;
				IPHONEOS_DEPLOYMENT_TARGET = 10.3;
				MTL_ENABLE_DEBUG_INFO = NO;
				SDKROOT = iphoneos;
				SWIFT_OPTIMIZATION_LEVEL = "-Owholemodule";
				TARGETED_DEVICE_FAMILY = "1,2";
				VALIDATE_PRODUCT = YES;
			};
			name = Release;
		};
		F46C46741E8D90E8001FF145 /* Debug */ = {
			isa = XCBuildConfiguration;
			baseConfigurationReference = 51DBC975BBA7DA5D50196906 /* Pods-Donly.de.debug.xcconfig */;
			buildSettings = {
				ASSETCATALOG_COMPILER_APPICON_NAME = AppIcon;
				BASE_URL = live.donly.de;
				"CODE_SIGN_IDENTITY[sdk=iphoneos*]" = "iPhone Developer";
				DEVELOPMENT_TEAM = HPX9HV787C;
				DISPLAY_NAME = Donly.de;
				INFOPLIST_FILE = Donly.de/Info.plist;
				IPHONEOS_DEPLOYMENT_TARGET = 10.1;
				LD_RUNPATH_SEARCH_PATHS = "$(inherited) @executable_path/Frameworks";
				PRODUCT_BUNDLE_IDENTIFIER = "com.donly.Donly-de";
				PRODUCT_NAME = "$(TARGET_NAME)";
				PROVISIONING_PROFILE_SPECIFIER = "";
				SWIFT_VERSION = 3.0;
				TARGETED_DEVICE_FAMILY = 1;
			};
			name = Debug;
		};
		F46C46751E8D90E8001FF145 /* Release */ = {
			isa = XCBuildConfiguration;
			baseConfigurationReference = 6138A163037F96D23375BAB4 /* Pods-Donly.de.release.xcconfig */;
			buildSettings = {
				ASSETCATALOG_COMPILER_APPICON_NAME = AppIcon;
				BASE_URL = live.donly.de;
				"CODE_SIGN_IDENTITY[sdk=iphoneos*]" = "iPhone Developer";
				DEVELOPMENT_TEAM = HPX9HV787C;
				DISPLAY_NAME = Donly.de;
				INFOPLIST_FILE = Donly.de/Info.plist;
				IPHONEOS_DEPLOYMENT_TARGET = 10.1;
				LD_RUNPATH_SEARCH_PATHS = "$(inherited) @executable_path/Frameworks";
				PRODUCT_BUNDLE_IDENTIFIER = "com.donly.Donly-de";
				PRODUCT_NAME = "$(TARGET_NAME)";
				PROVISIONING_PROFILE_SPECIFIER = "";
				SWIFT_VERSION = 3.0;
				TARGETED_DEVICE_FAMILY = 1;
			};
			name = Release;
		};
		F46C46771E8D90E8001FF145 /* Debug */ = {
			isa = XCBuildConfiguration;
			baseConfigurationReference = 10954E214063C1466DC7DB1E /* Pods-Donly.deTests.debug.xcconfig */;
			buildSettings = {
				ALWAYS_EMBED_SWIFT_STANDARD_LIBRARIES = YES;
				BUNDLE_LOADER = "$(TEST_HOST)";
				DEVELOPMENT_TEAM = HPX9HV787C;
				INFOPLIST_FILE = Donly.deTests/Info.plist;
				LD_RUNPATH_SEARCH_PATHS = "$(inherited) @executable_path/Frameworks @loader_path/Frameworks";
				PRODUCT_BUNDLE_IDENTIFIER = "com.donly.Donly-deTests";
				PRODUCT_NAME = "$(TARGET_NAME)";
				SWIFT_VERSION = 3.0;
				TEST_HOST = "$(BUILT_PRODUCTS_DIR)/Donly.de.app/Donly.de";
			};
			name = Debug;
		};
		F46C46781E8D90E8001FF145 /* Release */ = {
			isa = XCBuildConfiguration;
			baseConfigurationReference = 76D0C15A763060B83E1BBCAA /* Pods-Donly.deTests.release.xcconfig */;
			buildSettings = {
				ALWAYS_EMBED_SWIFT_STANDARD_LIBRARIES = YES;
				BUNDLE_LOADER = "$(TEST_HOST)";
				DEVELOPMENT_TEAM = HPX9HV787C;
				INFOPLIST_FILE = Donly.deTests/Info.plist;
				LD_RUNPATH_SEARCH_PATHS = "$(inherited) @executable_path/Frameworks @loader_path/Frameworks";
				PRODUCT_BUNDLE_IDENTIFIER = "com.donly.Donly-deTests";
				PRODUCT_NAME = "$(TARGET_NAME)";
				SWIFT_VERSION = 3.0;
				TEST_HOST = "$(BUILT_PRODUCTS_DIR)/Donly.de.app/Donly.de";
			};
			name = Release;
		};
		F46C467A1E8D90E8001FF145 /* Debug */ = {
			isa = XCBuildConfiguration;
			baseConfigurationReference = 59CBEEE1F6504CEED02283CE /* Pods-Donly.deUITests.debug.xcconfig */;
			buildSettings = {
				ALWAYS_EMBED_SWIFT_STANDARD_LIBRARIES = YES;
				DEVELOPMENT_TEAM = HPX9HV787C;
				INFOPLIST_FILE = Donly.deUITests/Info.plist;
				LD_RUNPATH_SEARCH_PATHS = "$(inherited) @executable_path/Frameworks @loader_path/Frameworks";
				PRODUCT_BUNDLE_IDENTIFIER = "com.donly.Donly-deUITests";
				PRODUCT_NAME = "$(TARGET_NAME)";
				SWIFT_VERSION = 3.0;
				TEST_TARGET_NAME = Donly.de;
			};
			name = Debug;
		};
		F46C467B1E8D90E8001FF145 /* Release */ = {
			isa = XCBuildConfiguration;
			baseConfigurationReference = F3D8A333BF5987B22F504E7E /* Pods-Donly.deUITests.release.xcconfig */;
			buildSettings = {
				ALWAYS_EMBED_SWIFT_STANDARD_LIBRARIES = YES;
				DEVELOPMENT_TEAM = HPX9HV787C;
				INFOPLIST_FILE = Donly.deUITests/Info.plist;
				LD_RUNPATH_SEARCH_PATHS = "$(inherited) @executable_path/Frameworks @loader_path/Frameworks";
				PRODUCT_BUNDLE_IDENTIFIER = "com.donly.Donly-deUITests";
				PRODUCT_NAME = "$(TARGET_NAME)";
				SWIFT_VERSION = 3.0;
				TEST_TARGET_NAME = Donly.de;
			};
			name = Release;
		};
/* End XCBuildConfiguration section */

/* Begin XCConfigurationList section */
		F46C46461E8D90E8001FF145 /* Build configuration list for PBXProject "Donly.de" */ = {
			isa = XCConfigurationList;
			buildConfigurations = (
				F46C46711E8D90E8001FF145 /* Debug */,
				F428B3231E8FCA2B00CF64F6 /* Staging */,
				F46C46721E8D90E8001FF145 /* Release */,
			);
			defaultConfigurationIsVisible = 0;
			defaultConfigurationName = Release;
		};
		F46C46731E8D90E8001FF145 /* Build configuration list for PBXNativeTarget "Donly.de" */ = {
			isa = XCConfigurationList;
			buildConfigurations = (
				F46C46741E8D90E8001FF145 /* Debug */,
				F428B3241E8FCA2B00CF64F6 /* Staging */,
				F46C46751E8D90E8001FF145 /* Release */,
			);
			defaultConfigurationIsVisible = 0;
			defaultConfigurationName = Release;
		};
		F46C46761E8D90E8001FF145 /* Build configuration list for PBXNativeTarget "Donly.deTests" */ = {
			isa = XCConfigurationList;
			buildConfigurations = (
				F46C46771E8D90E8001FF145 /* Debug */,
				F428B3251E8FCA2B00CF64F6 /* Staging */,
				F46C46781E8D90E8001FF145 /* Release */,
			);
			defaultConfigurationIsVisible = 0;
			defaultConfigurationName = Release;
		};
		F46C46791E8D90E8001FF145 /* Build configuration list for PBXNativeTarget "Donly.deUITests" */ = {
			isa = XCConfigurationList;
			buildConfigurations = (
				F46C467A1E8D90E8001FF145 /* Debug */,
				F428B3261E8FCA2B00CF64F6 /* Staging */,
				F46C467B1E8D90E8001FF145 /* Release */,
			);
			defaultConfigurationIsVisible = 0;
			defaultConfigurationName = Release;
		};
/* End XCConfigurationList section */
	};
	rootObject = F46C46431E8D90E8001FF145 /* Project object */;
}
